
Microsoft Visual Studio Solution File, Format Version 12.00
# Visual Studio Version 17
VisualStudioVersion = 17.0.31903.59
MinimumVisualStudioVersion = 10.0.40219.1
Project("{2150E333-8FDC-42A3-9474-1A3956D46DE8}") = "src", "src", "{C2168755-1230-4926-A954-80014BC38096}"
EndProject
Project("{FAE04EC0-301F-11D3-BF4B-00C04F79EFBC}") = "core-engine", "src\core-engine\core-engine.csproj", "{56D83ECF-32C3-4008-940D-6B99CADE73DD}"
EndProject
Project("{FAE04EC0-301F-11D3-BF4B-00C04F79EFBC}") = "FlowzerBPMN", "src\FlowzerBPMN\FlowzerBPMN.csproj", "{295A878C-358B-4296-B285-74ED1DBAF899}"
EndProject
Project("{FAE04EC0-301F-11D3-BF4B-00C04F79EFBC}") = "WebApiEngine", "src\WebApiEngine\WebApiEngine.csproj", "{B4F933D0-DAF3-4C57-9CFF-026C8EE7839C}"
EndProject
Project("{FAE04EC0-301F-11D3-BF4B-00C04F79EFBC}") = "core-engine-tests", "src\core-engine-tests\core-engine-tests.csproj", "{21DD5405-19BF-4F4B-AB30-F7A877645DF0}"
EndProject
Project("{FAE04EC0-301F-11D3-BF4B-00C04F79EFBC}") = "StorageSystemShared", "src\StorageSystemShared\StorageSystemShared.csproj", "{22D2EEB7-FC82-4AF0-9443-0F65CA88343C}"
EndProject
Project("{2150E333-8FDC-42A3-9474-1A3956D46DE8}") = "StorageSystems", "StorageSystems", "{7A61EBA3-1799-49D8-A7A3-BB5036038E2A}"
EndProject
Project("{FAE04EC0-301F-11D3-BF4B-00C04F79EFBC}") = "MemoryStorageSystem", "src\MemoryStorageSystem\MemoryStorageSystem.csproj", "{1419A522-DC0A-4C29-85FC-F586B2375C9B}"
EndProject
Project("{FAE04EC0-301F-11D3-BF4B-00C04F79EFBC}") = "Model", "Model\Model.csproj", "{E7521C7E-3722-48CB-86B4-41C8BF86DDCC}"
EndProject
Project("{FAE04EC0-301F-11D3-BF4B-00C04F79EFBC}") = "FlowzerFrontend", "src\FlowzerFrontend\FlowzerFrontend.csproj", "{A1DA0221-BDFE-43D2-9384-7628A14A0EEB}"
EndProject
Project("{FAE04EC0-301F-11D3-BF4B-00C04F79EFBC}") = "MySqlStorageSystem", "src\MySqlStorageSystem\MySqlStorageSystem.csproj", "{322693C9-6D75-4035-A140-7E25C40CDAF9}"
EndProject
Project("{FAE04EC0-301F-11D3-BF4B-00C04F79EFBC}") = "FilesystemStorageSystem", "src\FilesystemStorageSystem\FilesystemStorageSystem.csproj", "{084CF054-AB4B-4157-8409-F3FF85523EEF}"
EndProject
Project("{FAE04EC0-301F-11D3-BF4B-00C04F79EFBC}") = "WebApiEngine.Shared", "src\WebApiEngine.Shared\WebApiEngine.Shared.csproj", "{44A9C5A0-59EA-4193-AE9A-7E54E96F67B1}"
EndProject
Global
	GlobalSection(SolutionConfigurationPlatforms) = preSolution
		Debug|Any CPU = Debug|Any CPU
		Release|Any CPU = Release|Any CPU
	EndGlobalSection
	GlobalSection(SolutionProperties) = preSolution
		HideSolutionNode = FALSE
	EndGlobalSection
	GlobalSection(ProjectConfigurationPlatforms) = postSolution
		{56D83ECF-32C3-4008-940D-6B99CADE73DD}.Debug|Any CPU.ActiveCfg = Debug|Any CPU
		{56D83ECF-32C3-4008-940D-6B99CADE73DD}.Debug|Any CPU.Build.0 = Debug|Any CPU
		{56D83ECF-32C3-4008-940D-6B99CADE73DD}.Release|Any CPU.ActiveCfg = Release|Any CPU
		{56D83ECF-32C3-4008-940D-6B99CADE73DD}.Release|Any CPU.Build.0 = Release|Any CPU
		{295A878C-358B-4296-B285-74ED1DBAF899}.Debug|Any CPU.ActiveCfg = Debug|Any CPU
		{295A878C-358B-4296-B285-74ED1DBAF899}.Debug|Any CPU.Build.0 = Debug|Any CPU
		{295A878C-358B-4296-B285-74ED1DBAF899}.Release|Any CPU.ActiveCfg = Release|Any CPU
		{295A878C-358B-4296-B285-74ED1DBAF899}.Release|Any CPU.Build.0 = Release|Any CPU
		{B4F933D0-DAF3-4C57-9CFF-026C8EE7839C}.Debug|Any CPU.ActiveCfg = Debug|Any CPU
		{B4F933D0-DAF3-4C57-9CFF-026C8EE7839C}.Debug|Any CPU.Build.0 = Debug|Any CPU
		{B4F933D0-DAF3-4C57-9CFF-026C8EE7839C}.Release|Any CPU.ActiveCfg = Release|Any CPU
		{B4F933D0-DAF3-4C57-9CFF-026C8EE7839C}.Release|Any CPU.Build.0 = Release|Any CPU
		{21DD5405-19BF-4F4B-AB30-F7A877645DF0}.Debug|Any CPU.ActiveCfg = Debug|Any CPU
		{21DD5405-19BF-4F4B-AB30-F7A877645DF0}.Debug|Any CPU.Build.0 = Debug|Any CPU
		{21DD5405-19BF-4F4B-AB30-F7A877645DF0}.Release|Any CPU.ActiveCfg = Release|Any CPU
		{21DD5405-19BF-4F4B-AB30-F7A877645DF0}.Release|Any CPU.Build.0 = Release|Any CPU
		{22D2EEB7-FC82-4AF0-9443-0F65CA88343C}.Debug|Any CPU.ActiveCfg = Debug|Any CPU
		{22D2EEB7-FC82-4AF0-9443-0F65CA88343C}.Debug|Any CPU.Build.0 = Debug|Any CPU
		{22D2EEB7-FC82-4AF0-9443-0F65CA88343C}.Release|Any CPU.ActiveCfg = Release|Any CPU
		{22D2EEB7-FC82-4AF0-9443-0F65CA88343C}.Release|Any CPU.Build.0 = Release|Any CPU
		{1419A522-DC0A-4C29-85FC-F586B2375C9B}.Debug|Any CPU.ActiveCfg = Debug|Any CPU
		{1419A522-DC0A-4C29-85FC-F586B2375C9B}.Debug|Any CPU.Build.0 = Debug|Any CPU
		{1419A522-DC0A-4C29-85FC-F586B2375C9B}.Release|Any CPU.ActiveCfg = Release|Any CPU
		{1419A522-DC0A-4C29-85FC-F586B2375C9B}.Release|Any CPU.Build.0 = Release|Any CPU
		{E7521C7E-3722-48CB-86B4-41C8BF86DDCC}.Debug|Any CPU.ActiveCfg = Debug|Any CPU
		{E7521C7E-3722-48CB-86B4-41C8BF86DDCC}.Debug|Any CPU.Build.0 = Debug|Any CPU
		{E7521C7E-3722-48CB-86B4-41C8BF86DDCC}.Release|Any CPU.ActiveCfg = Release|Any CPU
		{E7521C7E-3722-48CB-86B4-41C8BF86DDCC}.Release|Any CPU.Build.0 = Release|Any CPU
		{A1DA0221-BDFE-43D2-9384-7628A14A0EEB}.Debug|Any CPU.ActiveCfg = Debug|Any CPU
		{A1DA0221-BDFE-43D2-9384-7628A14A0EEB}.Debug|Any CPU.Build.0 = Debug|Any CPU
		{A1DA0221-BDFE-43D2-9384-7628A14A0EEB}.Release|Any CPU.ActiveCfg = Release|Any CPU
		{A1DA0221-BDFE-43D2-9384-7628A14A0EEB}.Release|Any CPU.Build.0 = Release|Any CPU
		{322693C9-6D75-4035-A140-7E25C40CDAF9}.Debug|Any CPU.ActiveCfg = Debug|Any CPU
		{322693C9-6D75-4035-A140-7E25C40CDAF9}.Debug|Any CPU.Build.0 = Debug|Any CPU
		{322693C9-6D75-4035-A140-7E25C40CDAF9}.Release|Any CPU.ActiveCfg = Release|Any CPU
		{322693C9-6D75-4035-A140-7E25C40CDAF9}.Release|Any CPU.Build.0 = Release|Any CPU
		{084CF054-AB4B-4157-8409-F3FF85523EEF}.Debug|Any CPU.ActiveCfg = Debug|Any CPU
		{084CF054-AB4B-4157-8409-F3FF85523EEF}.Debug|Any CPU.Build.0 = Debug|Any CPU
		{084CF054-AB4B-4157-8409-F3FF85523EEF}.Release|Any CPU.ActiveCfg = Release|Any CPU
		{084CF054-AB4B-4157-8409-F3FF85523EEF}.Release|Any CPU.Build.0 = Release|Any CPU
		{44A9C5A0-59EA-4193-AE9A-7E54E96F67B1}.Debug|Any CPU.ActiveCfg = Debug|Any CPU
		{44A9C5A0-59EA-4193-AE9A-7E54E96F67B1}.Debug|Any CPU.Build.0 = Debug|Any CPU
		{44A9C5A0-59EA-4193-AE9A-7E54E96F67B1}.Release|Any CPU.ActiveCfg = Release|Any CPU
		{44A9C5A0-59EA-4193-AE9A-7E54E96F67B1}.Release|Any CPU.Build.0 = Release|Any CPU
	EndGlobalSection
	GlobalSection(NestedProjects) = preSolution
		{56D83ECF-32C3-4008-940D-6B99CADE73DD} = {C2168755-1230-4926-A954-80014BC38096}
		{295A878C-358B-4296-B285-74ED1DBAF899} = {C2168755-1230-4926-A954-80014BC38096}
		{B4F933D0-DAF3-4C57-9CFF-026C8EE7839C} = {C2168755-1230-4926-A954-80014BC38096}
		{21DD5405-19BF-4F4B-AB30-F7A877645DF0} = {C2168755-1230-4926-A954-80014BC38096}
		{7A61EBA3-1799-49D8-A7A3-BB5036038E2A} = {C2168755-1230-4926-A954-80014BC38096}
		{22D2EEB7-FC82-4AF0-9443-0F65CA88343C} = {7A61EBA3-1799-49D8-A7A3-BB5036038E2A}
		{1419A522-DC0A-4C29-85FC-F586B2375C9B} = {7A61EBA3-1799-49D8-A7A3-BB5036038E2A}
		{E7521C7E-3722-48CB-86B4-41C8BF86DDCC} = {C2168755-1230-4926-A954-80014BC38096}
		{A1DA0221-BDFE-43D2-9384-7628A14A0EEB} = {C2168755-1230-4926-A954-80014BC38096}
		{322693C9-6D75-4035-A140-7E25C40CDAF9} = {7A61EBA3-1799-49D8-A7A3-BB5036038E2A}
		{084CF054-AB4B-4157-8409-F3FF85523EEF} = {7A61EBA3-1799-49D8-A7A3-BB5036038E2A}
		{44A9C5A0-59EA-4193-AE9A-7E54E96F67B1} = {C2168755-1230-4926-A954-80014BC38096}
	EndGlobalSection
EndGlobal
