
Microsoft Visual Studio Solution File, Format Version 12.00
# Visual Studio Version 17
VisualStudioVersion = 17.0.31903.59
MinimumVisualStudioVersion = 10.0.40219.1
Project("{2150E333-8FDC-42A3-9474-1A3956D46DE8}") = "src", "src", "{C2168755-1230-4926-A954-80014BC38096}"
EndProject
Project("{FAE04EC0-301F-11D3-BF4B-00C04F79EFBC}") = "core-engine", "src\core-engine\core-engine.csproj", "{56D83ECF-32C3-4008-940D-6B99CADE73DD}"
EndProject
Global
	GlobalSection(SolutionConfigurationPlatforms) = preSolution
		Debug|Any CPU = Debug|Any CPU
		Release|Any CPU = Release|Any CPU
	EndGlobalSection
	GlobalSection(SolutionProperties) = preSolution
		HideSolutionNode = FALSE
	EndGlobalSection
	GlobalSection(ProjectConfigurationPlatforms) = postSolution
		{56D83ECF-32C3-4008-940D-6B99CADE73DD}.Debug|Any CPU.ActiveCfg = Debug|Any CPU
		{56D83ECF-32C3-4008-940D-6B99CADE73DD}.Debug|Any CPU.Build.0 = Debug|Any CPU
		{56D83ECF-32C3-4008-940D-6B99CADE73DD}.Release|Any CPU.ActiveCfg = Release|Any CPU
		{56D83ECF-32C3-4008-940D-6B99CADE73DD}.Release|Any CPU.Build.0 = Release|Any CPU
	EndGlobalSection
	GlobalSection(NestedProjects) = preSolution
		{D563C737-3922-492C-A6D2-F1DF9F04BE32} = {C2168755-1230-4926-A954-80014BC38096}
		{56D83ECF-32C3-4008-940D-6B99CADE73DD} = {D563C737-3922-492C-A6D2-F1DF9F04BE32}
	EndGlobalSection
EndGlobal
