
Microsoft Visual Studio Solution File, Format Version 12.00
# Visual Studio Version 17
VisualStudioVersion = 17.0.31903.59
MinimumVisualStudioVersion = 10.0.40219.1
Project("{2150E333-8FDC-42A3-9474-1A3956D46DE8}") = "src", "src", "{C2168755-1230-4926-A954-80014BC38096}"
EndProject
Project("{FAE04EC0-301F-11D3-BF4B-00C04F79EFBC}") = "core-engine", "src\core-engine\core-engine.csproj", "{56D83ECF-32C3-4008-940D-6B99CADE73DD}"
EndProject
Project("{FAE04EC0-301F-11D3-BF4B-00C04F79EFBC}") = "BPMN_as_Standard", "src\BPMN_as_Standard\BPMN_as_Standard.csproj", "{295A878C-358B-4296-B285-74ED1DBAF899}"
EndProject
Project("{FAE04EC0-301F-11D3-BF4B-00C04F79EFBC}") = "BPMN_Model", "src\BPMN_Model\BPMN_Model.csproj", "{8E6E5CCC-51E6-44D5-AD69-2A6B55BDB332}"
EndProject
Project("{FAE04EC0-301F-11D3-BF4B-00C04F79EFBC}") = "StatefulWebApiEngine", "src\StatefulWebApiEngine\StatefulWebApiEngine.csproj", "{B4F933D0-DAF3-4C57-9CFF-026C8EE7839C}"
EndProject
Project("{FAE04EC0-301F-11D3-BF4B-00C04F79EFBC}") = "core-enginge-tests", "src\core-enginge-tests\core-enginge-tests.csproj", "{21DD5405-19BF-4F4B-AB30-F7A877645DF0}"
EndProject
Global
	GlobalSection(SolutionConfigurationPlatforms) = preSolution
		Debug|Any CPU = Debug|Any CPU
		Release|Any CPU = Release|Any CPU
	EndGlobalSection
	GlobalSection(SolutionProperties) = preSolution
		HideSolutionNode = FALSE
	EndGlobalSection
	GlobalSection(ProjectConfigurationPlatforms) = postSolution
		{56D83ECF-32C3-4008-940D-6B99CADE73DD}.Debug|Any CPU.ActiveCfg = Debug|Any CPU
		{56D83ECF-32C3-4008-940D-6B99CADE73DD}.Debug|Any CPU.Build.0 = Debug|Any CPU
		{56D83ECF-32C3-4008-940D-6B99CADE73DD}.Release|Any CPU.ActiveCfg = Release|Any CPU
		{56D83ECF-32C3-4008-940D-6B99CADE73DD}.Release|Any CPU.Build.0 = Release|Any CPU
		{295A878C-358B-4296-B285-74ED1DBAF899}.Debug|Any CPU.ActiveCfg = Debug|Any CPU
		{295A878C-358B-4296-B285-74ED1DBAF899}.Debug|Any CPU.Build.0 = Debug|Any CPU
		{295A878C-358B-4296-B285-74ED1DBAF899}.Release|Any CPU.ActiveCfg = Release|Any CPU
		{295A878C-358B-4296-B285-74ED1DBAF899}.Release|Any CPU.Build.0 = Release|Any CPU
		{8E6E5CCC-51E6-44D5-AD69-2A6B55BDB332}.Debug|Any CPU.ActiveCfg = Debug|Any CPU
		{8E6E5CCC-51E6-44D5-AD69-2A6B55BDB332}.Debug|Any CPU.Build.0 = Debug|Any CPU
		{8E6E5CCC-51E6-44D5-AD69-2A6B55BDB332}.Release|Any CPU.ActiveCfg = Release|Any CPU
		{8E6E5CCC-51E6-44D5-AD69-2A6B55BDB332}.Release|Any CPU.Build.0 = Release|Any CPU
		{B4F933D0-DAF3-4C57-9CFF-026C8EE7839C}.Debug|Any CPU.ActiveCfg = Debug|Any CPU
		{B4F933D0-DAF3-4C57-9CFF-026C8EE7839C}.Debug|Any CPU.Build.0 = Debug|Any CPU
		{B4F933D0-DAF3-4C57-9CFF-026C8EE7839C}.Release|Any CPU.ActiveCfg = Release|Any CPU
		{B4F933D0-DAF3-4C57-9CFF-026C8EE7839C}.Release|Any CPU.Build.0 = Release|Any CPU
		{21DD5405-19BF-4F4B-AB30-F7A877645DF0}.Debug|Any CPU.ActiveCfg = Debug|Any CPU
		{21DD5405-19BF-4F4B-AB30-F7A877645DF0}.Debug|Any CPU.Build.0 = Debug|Any CPU
		{21DD5405-19BF-4F4B-AB30-F7A877645DF0}.Release|Any CPU.ActiveCfg = Release|Any CPU
		{21DD5405-19BF-4F4B-AB30-F7A877645DF0}.Release|Any CPU.Build.0 = Release|Any CPU
	EndGlobalSection
	GlobalSection(NestedProjects) = preSolution
		{56D83ECF-32C3-4008-940D-6B99CADE73DD} = {C2168755-1230-4926-A954-80014BC38096}
		{295A878C-358B-4296-B285-74ED1DBAF899} = {C2168755-1230-4926-A954-80014BC38096}
		{8E6E5CCC-51E6-44D5-AD69-2A6B55BDB332} = {C2168755-1230-4926-A954-80014BC38096}
		{B4F933D0-DAF3-4C57-9CFF-026C8EE7839C} = {C2168755-1230-4926-A954-80014BC38096}
		{21DD5405-19BF-4F4B-AB30-F7A877645DF0} = {C2168755-1230-4926-A954-80014BC38096}
	EndGlobalSection
EndGlobal
